
Microsoft Visual Studio Solution File, Format Version 12.00
# Visual Studio Version 16
VisualStudioVersion = 16.0.30711.63
MinimumVisualStudioVersion = 10.0.40219.1
Project("{FAE04EC0-301F-11D3-BF4B-00C04F79EFBC}") = "HelloMedium", "HelloMedium\HelloMedium.csproj", "{F00B6256-1071-42F7-BAAF-8BB0A281BC8B}"
EndProject
Global
	GlobalSection(SolutionConfigurationPlatforms) = preSolution
		Debug|Any CPU = Debug|Any CPU
		Release|Any CPU = Release|Any CPU
	EndGlobalSection
	GlobalSection(ProjectConfigurationPlatforms) = postSolution
		{F00B6256-1071-42F7-BAAF-8BB0A281BC8B}.Debug|Any CPU.ActiveCfg = Debug|Any CPU
		{F00B6256-1071-42F7-BAAF-8BB0A281BC8B}.Debug|Any CPU.Build.0 = Debug|Any CPU
		{F00B6256-1071-42F7-BAAF-8BB0A281BC8B}.Release|Any CPU.ActiveCfg = Release|Any CPU
		{F00B6256-1071-42F7-BAAF-8BB0A281BC8B}.Release|Any CPU.Build.0 = Release|Any CPU
	EndGlobalSection
	GlobalSection(SolutionProperties) = preSolution
		HideSolutionNode = FALSE
	EndGlobalSection
	GlobalSection(ExtensibilityGlobals) = postSolution
		SolutionGuid = {567B582B-9F5E-469F-9452-A37778F566BF}
	EndGlobalSection
EndGlobal
